
Microsoft Visual Studio Solution File, Format Version 12.00
# Visual Studio Version 17
VisualStudioVersion = 17.2.32616.157
MinimumVisualStudioVersion = 10.0.40219.1
Project("{FAE04EC0-301F-11D3-BF4B-00C04F79EFBC}") = "NoticeBoard", "NoticeBoard\NoticeBoard.csproj", "{2D0EE488-E503-4B38-ABD5-1FEBCD4EAD11}"
EndProject
Global
	GlobalSection(SolutionConfigurationPlatforms) = preSolution
		Debug|Any CPU = Debug|Any CPU
		Release|Any CPU = Release|Any CPU
	EndGlobalSection
	GlobalSection(ProjectConfigurationPlatforms) = postSolution
		{2D0EE488-E503-4B38-ABD5-1FEBCD4EAD11}.Debug|Any CPU.ActiveCfg = Debug|Any CPU
		{2D0EE488-E503-4B38-ABD5-1FEBCD4EAD11}.Debug|Any CPU.Build.0 = Debug|Any CPU
		{2D0EE488-E503-4B38-ABD5-1FEBCD4EAD11}.Release|Any CPU.ActiveCfg = Release|Any CPU
		{2D0EE488-E503-4B38-ABD5-1FEBCD4EAD11}.Release|Any CPU.Build.0 = Release|Any CPU
	EndGlobalSection
	GlobalSection(SolutionProperties) = preSolution
		HideSolutionNode = FALSE
	EndGlobalSection
	GlobalSection(ExtensibilityGlobals) = postSolution
		SolutionGuid = {69A13EA3-156D-4317-BD18-611DBC75FA7E}
	EndGlobalSection
EndGlobal
